{
  "version": 4,
  "terraform_version": "1.15.5",
  "serial": 20,
  "lineage": "4fac1504-8f32-143f-5a1c-4c33001259d5",
  "outputs": {
    "public_ip": {
      "value": "20.91.207.13",
      "type": "string"
    },
    "resource_group_name": {
      "value": "rg-devsecops-laravel",
      "type": "string"
    }
  },
  "resources": [
    {
      "mode": "managed",
      "type": "azurerm_linux_virtual_machine",
      "name": "main",
      "provider": "provider[\"registry.terraform.io/hashicorp/azurerm\"]",
      "instances": [
        {
          "schema_version": 0,
          "attributes": {
            "additional_capabilities": [],
            "admin_password": null,
            "admin_ssh_key": [
              {
                "public_key": "ssh-rsa AAAAB3NzaC1yc2EAAAADAQABAAACAQDMNia8hvBfUHGAYfG/MWMHi+CmzMY9QyoQKQCCxjU6w6I9oHLVDOxdzUxLCAk84KhRxhDDiqC9+j38b2WpYin+7brU4BpmCNJ+SUZUilFjOE6LnBsCtFuJS8DqmL0r+RSg8shQx0OygSEEXVJ9vXapHHFlXqg9HTyGsKL2Ni7B2sjGN8rpVw67Rm6VCOUDZ0gLKxO1fBJ12g9Ao6Xy9HptYMfs7DmrAPiq0MrcZPY62WUFJh7NQ0pJeErNmYgpxP9pJrC2f7eqplFmW2v/DhDYzSBR/4p5jzEa2Z7h7AFG3cmTmpIm4XUE83X4GlRsecvC9xLzMQ2zq8WZFACCeUrNmZPOKoBnFmUZQs0jiiA3tkYfePsTK+EWH/9X1icWIn2XVm+Ml/1FUM5PZJF7hKG+00LF9VBphYPJMk1V95WA7hdkfACb55SXmwnE0yivwdbZTbaAjpQj2Rl9vsGEwhOw3XzZMNFheL4+FEUF9EHHPwHX3glcWAwBHOoiGoBiBzftemb45f/8qHfAoy7v9uUEDGkmqV0bh2wgu1glJju2dMElJKFfrEr1m9MVyS+PD7LC747TTv+strKNyuDFWyPYwYTYaOMsbpozJOomO8MaIzmV4nxPpiI+64DtdqbJGlURdedF7sQV+da3vKa5XqbtAYeeV65UBFNuc2u9g/9u7Q== hp@DESKTOP-C0TH93I\r\n",
                "username": "azureuser"
              }
            ],
            "admin_username": "azureuser",
            "allow_extension_operations": true,
            "availability_set_id": "",
            "boot_diagnostics": [],
            "bypass_platform_safety_checks_on_user_schedule_enabled": false,
            "capacity_reservation_group_id": "",
            "computer_name": "vm-devsecops",
            "custom_data": null,
            "dedicated_host_group_id": "",
            "dedicated_host_id": "",
            "disable_password_authentication": true,
            "disk_controller_type": "SCSI",
            "edge_zone": "",
            "encryption_at_host_enabled": false,
            "eviction_policy": "",
            "extensions_time_budget": "PT1H30M",
            "gallery_application": [],
            "id": "/subscriptions/213609f3-cd71-4b46-b652-2b8c1cbee26f/resourceGroups/rg-devsecops-laravel/providers/Microsoft.Compute/virtualMachines/vm-devsecops",
            "identity": [],
            "license_type": "",
            "location": "swedencentral",
            "max_bid_price": -1,
            "name": "vm-devsecops",
            "network_interface_ids": [
              "/subscriptions/213609f3-cd71-4b46-b652-2b8c1cbee26f/resourceGroups/rg-devsecops-laravel/providers/Microsoft.Network/networkInterfaces/nic-devsecops"
            ],
            "os_disk": [
              {
                "caching": "ReadWrite",
                "diff_disk_settings": [],
                "disk_encryption_set_id": "",
                "disk_size_gb": 30,
                "id": "/subscriptions/213609f3-cd71-4b46-b652-2b8c1cbee26f/resourceGroups/rg-devsecops-laravel/providers/Microsoft.Compute/disks/vm-devsecops_OsDisk_1_d706e3fcebcb4524af3fb75789837e10",
                "name": "vm-devsecops_OsDisk_1_d706e3fcebcb4524af3fb75789837e10",
                "secure_vm_disk_encryption_set_id": "",
                "security_encryption_type": "",
                "storage_account_type": "Standard_LRS",
                "write_accelerator_enabled": false
              }
            ],
            "os_image_notification": [],
            "os_managed_disk_id": "/subscriptions/213609f3-cd71-4b46-b652-2b8c1cbee26f/resourceGroups/rg-devsecops-laravel/providers/Microsoft.Compute/disks/vm-devsecops_OsDisk_1_d706e3fcebcb4524af3fb75789837e10",
            "patch_assessment_mode": "ImageDefault",
            "patch_mode": "ImageDefault",
            "plan": [],
            "platform_fault_domain": -1,
            "priority": "Regular",
            "private_ip_address": "10.0.1.4",
            "private_ip_addresses": [
              "10.0.1.4"
            ],
            "provision_vm_agent": true,
            "proximity_placement_group_id": "",
            "public_ip_address": "20.91.207.13",
            "public_ip_addresses": [
              "20.91.207.13"
            ],
            "reboot_setting": "",
            "resource_group_name": "rg-devsecops-laravel",
            "secret": [],
            "secure_boot_enabled": false,
            "size": "Standard_B2ats_v2",
            "source_image_id": "",
            "source_image_reference": [
              {
                "offer": "0001-com-ubuntu-server-jammy",
                "publisher": "Canonical",
                "sku": "22_04-lts-gen2",
                "version": "latest"
              }
            ],
            "tags": null,
            "termination_notification": null,
            "timeouts": null,
            "user_data": "",
            "virtual_machine_id": "7a0cafdf-04a9-460e-902b-a7ff11818a91",
            "virtual_machine_scale_set_id": "",
            "vm_agent_platform_updates_enabled": false,
            "vtpm_enabled": false,
            "zone": ""
          },
          "sensitive_attributes": [
            [
              {
                "type": "get_attr",
                "value": "admin_password"
              }
            ],
            [
              {
                "type": "get_attr",
                "value": "custom_data"
              }
            ]
          ],
          "identity_schema_version": 0,
          "private": "eyJlMmJmYjczMC1lY2FhLTExZTYtOGY4OC0zNDM2M2JjN2M0YzAiOnsiY3JlYXRlIjoyNzAwMDAwMDAwMDAwLCJkZWxldGUiOjI3MDAwMDAwMDAwMDAsInJlYWQiOjMwMDAwMDAwMDAwMCwidXBkYXRlIjoyNzAwMDAwMDAwMDAwfX0=",
          "dependencies": [
            "azurerm_network_interface.main",
            "azurerm_public_ip.main",
            "azurerm_resource_group.main",
            "azurerm_subnet.main",
            "azurerm_virtual_network.main"
          ]
        }
      ]
    },
    {
      "mode": "managed",
      "type": "azurerm_network_interface",
      "name": "main",
      "provider": "provider[\"registry.terraform.io/hashicorp/azurerm\"]",
      "instances": [
        {
          "schema_version": 0,
          "attributes": {
            "accelerated_networking_enabled": false,
            "applied_dns_servers": [],
            "auxiliary_mode": "",
            "auxiliary_sku": "",
            "dns_servers": [],
            "edge_zone": "",
            "id": "/subscriptions/213609f3-cd71-4b46-b652-2b8c1cbee26f/resourceGroups/rg-devsecops-laravel/providers/Microsoft.Network/networkInterfaces/nic-devsecops",
            "internal_dns_name_label": "",
            "internal_domain_name_suffix": "llpvt2ujcuduxdamw0za0o0c0f.gvxx.internal.cloudapp.net",
            "ip_configuration": [
              {
                "gateway_load_balancer_frontend_ip_configuration_id": "",
                "name": "internal",
                "primary": true,
                "private_ip_address": "10.0.1.4",
                "private_ip_address_allocation": "Dynamic",
                "private_ip_address_version": "IPv4",
                "public_ip_address_id": "/subscriptions/213609f3-cd71-4b46-b652-2b8c1cbee26f/resourceGroups/rg-devsecops-laravel/providers/Microsoft.Network/publicIPAddresses/pip-devsecops",
                "subnet_id": "/subscriptions/213609f3-cd71-4b46-b652-2b8c1cbee26f/resourceGroups/rg-devsecops-laravel/providers/Microsoft.Network/virtualNetworks/vnet-devsecops/subnets/subnet-devsecops"
              }
            ],
            "ip_forwarding_enabled": false,
            "location": "swedencentral",
            "mac_address": "",
            "name": "nic-devsecops",
            "private_ip_address": "10.0.1.4",
            "private_ip_addresses": [
              "10.0.1.4"
            ],
            "resource_group_name": "rg-devsecops-laravel",
            "tags": {},
            "timeouts": null,
            "virtual_machine_id": ""
          },
          "sensitive_attributes": [],
          "identity_schema_version": 0,
          "identity": {
            "name": "nic-devsecops",
            "resource_group_name": "rg-devsecops-laravel",
            "subscription_id": "213609f3-cd71-4b46-b652-2b8c1cbee26f"
          },
          "private": "eyJlMmJmYjczMC1lY2FhLTExZTYtOGY4OC0zNDM2M2JjN2M0YzAiOnsiY3JlYXRlIjoxODAwMDAwMDAwMDAwLCJkZWxldGUiOjE4MDAwMDAwMDAwMDAsInJlYWQiOjMwMDAwMDAwMDAwMCwidXBkYXRlIjoxODAwMDAwMDAwMDAwfX0=",
          "dependencies": [
            "azurerm_public_ip.main",
            "azurerm_resource_group.main",
            "azurerm_subnet.main",
            "azurerm_virtual_network.main"
          ]
        }
      ]
    },
    {
      "mode": "managed",
      "type": "azurerm_network_interface_security_group_association",
      "name": "main",
      "provider": "provider[\"registry.terraform.io/hashicorp/azurerm\"]",
      "instances": [
        {
          "schema_version": 0,
          "attributes": {
            "id": "/subscriptions/213609f3-cd71-4b46-b652-2b8c1cbee26f/resourceGroups/rg-devsecops-laravel/providers/Microsoft.Network/networkInterfaces/nic-devsecops|/subscriptions/213609f3-cd71-4b46-b652-2b8c1cbee26f/resourceGroups/rg-devsecops-laravel/providers/Microsoft.Network/networkSecurityGroups/nsg-devsecops",
            "network_interface_id": "/subscriptions/213609f3-cd71-4b46-b652-2b8c1cbee26f/resourceGroups/rg-devsecops-laravel/providers/Microsoft.Network/networkInterfaces/nic-devsecops",
            "network_security_group_id": "/subscriptions/213609f3-cd71-4b46-b652-2b8c1cbee26f/resourceGroups/rg-devsecops-laravel/providers/Microsoft.Network/networkSecurityGroups/nsg-devsecops",
            "timeouts": null
          },
          "sensitive_attributes": [],
          "identity_schema_version": 0,
          "private": "eyJlMmJmYjczMC1lY2FhLTExZTYtOGY4OC0zNDM2M2JjN2M0YzAiOnsiY3JlYXRlIjoxODAwMDAwMDAwMDAwLCJkZWxldGUiOjE4MDAwMDAwMDAwMDAsInJlYWQiOjMwMDAwMDAwMDAwMH19",
          "dependencies": [
            "azurerm_network_interface.main",
            "azurerm_network_security_group.main",
            "azurerm_public_ip.main",
            "azurerm_resource_group.main",
            "azurerm_subnet.main",
            "azurerm_virtual_network.main"
          ]
        }
      ]
    },
    {
      "mode": "managed",
      "type": "azurerm_network_security_group",
      "name": "main",
      "provider": "provider[\"registry.terraform.io/hashicorp/azurerm\"]",
      "instances": [
        {
          "schema_version": 0,
          "attributes": {
            "id": "/subscriptions/213609f3-cd71-4b46-b652-2b8c1cbee26f/resourceGroups/rg-devsecops-laravel/providers/Microsoft.Network/networkSecurityGroups/nsg-devsecops",
            "location": "swedencentral",
            "name": "nsg-devsecops",
            "resource_group_name": "rg-devsecops-laravel",
            "security_rule": [
              {
                "access": "Allow",
                "description": "",
                "destination_address_prefix": "*",
                "destination_address_prefixes": [],
                "destination_application_security_group_ids": [],
                "destination_port_range": "22",
                "destination_port_ranges": [],
                "direction": "Inbound",
                "name": "AllowSSH",
                "priority": 100,
                "protocol": "Tcp",
                "source_address_prefix": "*",
                "source_address_prefixes": [],
                "source_application_security_group_ids": [],
                "source_port_range": "*",
                "source_port_ranges": []
              },
              {
                "access": "Allow",
                "description": "",
                "destination_address_prefix": "*",
                "destination_address_prefixes": [],
                "destination_application_security_group_ids": [],
                "destination_port_range": "443",
                "destination_port_ranges": [],
                "direction": "Inbound",
                "name": "AllowHTTPS",
                "priority": 120,
                "protocol": "Tcp",
                "source_address_prefix": "*",
                "source_address_prefixes": [],
                "source_application_security_group_ids": [],
                "source_port_range": "*",
                "source_port_ranges": []
              },
              {
                "access": "Allow",
                "description": "",
                "destination_address_prefix": "*",
                "destination_address_prefixes": [],
                "destination_application_security_group_ids": [],
                "destination_port_range": "80",
                "destination_port_ranges": [],
                "direction": "Inbound",
                "name": "AllowHTTP",
                "priority": 110,
                "protocol": "Tcp",
                "source_address_prefix": "*",
                "source_address_prefixes": [],
                "source_application_security_group_ids": [],
                "source_port_range": "*",
                "source_port_ranges": []
              }
            ],
            "tags": {},
            "timeouts": null
          },
          "sensitive_attributes": [],
          "identity_schema_version": 0,
          "identity": {
            "name": "nsg-devsecops",
            "resource_group_name": "rg-devsecops-laravel",
            "subscription_id": "213609f3-cd71-4b46-b652-2b8c1cbee26f"
          },
          "private": "eyJlMmJmYjczMC1lY2FhLTExZTYtOGY4OC0zNDM2M2JjN2M0YzAiOnsiY3JlYXRlIjoxODAwMDAwMDAwMDAwLCJkZWxldGUiOjE4MDAwMDAwMDAwMDAsInJlYWQiOjMwMDAwMDAwMDAwMCwidXBkYXRlIjoxODAwMDAwMDAwMDAwfX0=",
          "dependencies": [
            "azurerm_resource_group.main"
          ]
        }
      ]
    },
    {
      "mode": "managed",
      "type": "azurerm_network_security_rule",
      "name": "http",
      "provider": "provider[\"registry.terraform.io/hashicorp/azurerm\"]",
      "instances": [
        {
          "schema_version": 0,
          "attributes": {
            "access": "Allow",
            "description": "",
            "destination_address_prefix": "*",
            "destination_address_prefixes": [],
            "destination_application_security_group_ids": [],
            "destination_port_range": "80",
            "destination_port_ranges": [],
            "direction": "Inbound",
            "id": "/subscriptions/213609f3-cd71-4b46-b652-2b8c1cbee26f/resourceGroups/rg-devsecops-laravel/providers/Microsoft.Network/networkSecurityGroups/nsg-devsecops/securityRules/AllowHTTP",
            "name": "AllowHTTP",
            "network_security_group_name": "nsg-devsecops",
            "priority": 110,
            "protocol": "Tcp",
            "resource_group_name": "rg-devsecops-laravel",
            "source_address_prefix": "*",
            "source_address_prefixes": [],
            "source_application_security_group_ids": [],
            "source_port_range": "*",
            "source_port_ranges": [],
            "timeouts": null
          },
          "sensitive_attributes": [],
          "identity_schema_version": 0,
          "identity": {
            "name": "AllowHTTP",
            "network_security_group_name": "nsg-devsecops",
            "resource_group_name": "rg-devsecops-laravel",
            "subscription_id": "213609f3-cd71-4b46-b652-2b8c1cbee26f"
          },
          "private": "eyJlMmJmYjczMC1lY2FhLTExZTYtOGY4OC0zNDM2M2JjN2M0YzAiOnsiY3JlYXRlIjoxODAwMDAwMDAwMDAwLCJkZWxldGUiOjE4MDAwMDAwMDAwMDAsInJlYWQiOjMwMDAwMDAwMDAwMCwidXBkYXRlIjoxODAwMDAwMDAwMDAwfX0=",
          "dependencies": [
            "azurerm_network_security_group.main",
            "azurerm_resource_group.main"
          ]
        }
      ]
    },
    {
      "mode": "managed",
      "type": "azurerm_network_security_rule",
      "name": "https",
      "provider": "provider[\"registry.terraform.io/hashicorp/azurerm\"]",
      "instances": [
        {
          "schema_version": 0,
          "attributes": {
            "access": "Allow",
            "description": "",
            "destination_address_prefix": "*",
            "destination_address_prefixes": [],
            "destination_application_security_group_ids": [],
            "destination_port_range": "443",
            "destination_port_ranges": [],
            "direction": "Inbound",
            "id": "/subscriptions/213609f3-cd71-4b46-b652-2b8c1cbee26f/resourceGroups/rg-devsecops-laravel/providers/Microsoft.Network/networkSecurityGroups/nsg-devsecops/securityRules/AllowHTTPS",
            "name": "AllowHTTPS",
            "network_security_group_name": "nsg-devsecops",
            "priority": 120,
            "protocol": "Tcp",
            "resource_group_name": "rg-devsecops-laravel",
            "source_address_prefix": "*",
            "source_address_prefixes": [],
            "source_application_security_group_ids": [],
            "source_port_range": "*",
            "source_port_ranges": [],
            "timeouts": null
          },
          "sensitive_attributes": [],
          "identity_schema_version": 0,
          "identity": {
            "name": "AllowHTTPS",
            "network_security_group_name": "nsg-devsecops",
            "resource_group_name": "rg-devsecops-laravel",
            "subscription_id": "213609f3-cd71-4b46-b652-2b8c1cbee26f"
          },
          "private": "eyJlMmJmYjczMC1lY2FhLTExZTYtOGY4OC0zNDM2M2JjN2M0YzAiOnsiY3JlYXRlIjoxODAwMDAwMDAwMDAwLCJkZWxldGUiOjE4MDAwMDAwMDAwMDAsInJlYWQiOjMwMDAwMDAwMDAwMCwidXBkYXRlIjoxODAwMDAwMDAwMDAwfX0=",
          "dependencies": [
            "azurerm_network_security_group.main",
            "azurerm_resource_group.main"
          ]
        }
      ]
    },
    {
      "mode": "managed",
      "type": "azurerm_network_security_rule",
      "name": "ssh",
      "provider": "provider[\"registry.terraform.io/hashicorp/azurerm\"]",
      "instances": [
        {
          "schema_version": 0,
          "attributes": {
            "access": "Allow",
            "description": "",
            "destination_address_prefix": "*",
            "destination_address_prefixes": [],
            "destination_application_security_group_ids": [],
            "destination_port_range": "22",
            "destination_port_ranges": [],
            "direction": "Inbound",
            "id": "/subscriptions/213609f3-cd71-4b46-b652-2b8c1cbee26f/resourceGroups/rg-devsecops-laravel/providers/Microsoft.Network/networkSecurityGroups/nsg-devsecops/securityRules/AllowSSH",
            "name": "AllowSSH",
            "network_security_group_name": "nsg-devsecops",
            "priority": 100,
            "protocol": "Tcp",
            "resource_group_name": "rg-devsecops-laravel",
            "source_address_prefix": "*",
            "source_address_prefixes": [],
            "source_application_security_group_ids": [],
            "source_port_range": "*",
            "source_port_ranges": [],
            "timeouts": null
          },
          "sensitive_attributes": [],
          "identity_schema_version": 0,
          "identity": {
            "name": "AllowSSH",
            "network_security_group_name": "nsg-devsecops",
            "resource_group_name": "rg-devsecops-laravel",
            "subscription_id": "213609f3-cd71-4b46-b652-2b8c1cbee26f"
          },
          "private": "eyJlMmJmYjczMC1lY2FhLTExZTYtOGY4OC0zNDM2M2JjN2M0YzAiOnsiY3JlYXRlIjoxODAwMDAwMDAwMDAwLCJkZWxldGUiOjE4MDAwMDAwMDAwMDAsInJlYWQiOjMwMDAwMDAwMDAwMCwidXBkYXRlIjoxODAwMDAwMDAwMDAwfX0=",
          "dependencies": [
            "azurerm_network_security_group.main",
            "azurerm_resource_group.main"
          ]
        }
      ]
    },
    {
      "mode": "managed",
      "type": "azurerm_public_ip",
      "name": "main",
      "provider": "provider[\"registry.terraform.io/hashicorp/azurerm\"]",
      "instances": [
        {
          "schema_version": 0,
          "attributes": {
            "allocation_method": "Static",
            "ddos_protection_mode": "VirtualNetworkInherited",
            "ddos_protection_plan_id": null,
            "domain_name_label": "",
            "domain_name_label_scope": "",
            "edge_zone": "",
            "fqdn": "",
            "id": "/subscriptions/213609f3-cd71-4b46-b652-2b8c1cbee26f/resourceGroups/rg-devsecops-laravel/providers/Microsoft.Network/publicIPAddresses/pip-devsecops",
            "idle_timeout_in_minutes": 4,
            "ip_address": "20.91.207.13",
            "ip_tags": {},
            "ip_version": "IPv4",
            "location": "swedencentral",
            "name": "pip-devsecops",
            "public_ip_prefix_id": null,
            "resource_group_name": "rg-devsecops-laravel",
            "reverse_fqdn": "",
            "sku": "Standard",
            "sku_tier": "Regional",
            "tags": {},
            "timeouts": null,
            "zones": []
          },
          "sensitive_attributes": [],
          "identity_schema_version": 0,
          "identity": {
            "name": "pip-devsecops",
            "resource_group_name": "rg-devsecops-laravel",
            "subscription_id": "213609f3-cd71-4b46-b652-2b8c1cbee26f"
          },
          "private": "eyJlMmJmYjczMC1lY2FhLTExZTYtOGY4OC0zNDM2M2JjN2M0YzAiOnsiY3JlYXRlIjoxODAwMDAwMDAwMDAwLCJkZWxldGUiOjE4MDAwMDAwMDAwMDAsInJlYWQiOjMwMDAwMDAwMDAwMCwidXBkYXRlIjoxODAwMDAwMDAwMDAwfX0=",
          "dependencies": [
            "azurerm_resource_group.main"
          ]
        }
      ]
    },
    {
      "mode": "managed",
      "type": "azurerm_resource_group",
      "name": "main",
      "provider": "provider[\"registry.terraform.io/hashicorp/azurerm\"]",
      "instances": [
        {
          "schema_version": 0,
          "attributes": {
            "id": "/subscriptions/213609f3-cd71-4b46-b652-2b8c1cbee26f/resourceGroups/rg-devsecops-laravel",
            "location": "swedencentral",
            "managed_by": "",
            "name": "rg-devsecops-laravel",
            "tags": {},
            "timeouts": null
          },
          "sensitive_attributes": [],
          "identity_schema_version": 0,
          "identity": {
            "name": "rg-devsecops-laravel",
            "subscription_id": "213609f3-cd71-4b46-b652-2b8c1cbee26f"
          },
          "private": "eyJlMmJmYjczMC1lY2FhLTExZTYtOGY4OC0zNDM2M2JjN2M0YzAiOnsiY3JlYXRlIjo1NDAwMDAwMDAwMDAwLCJkZWxldGUiOjU0MDAwMDAwMDAwMDAsInJlYWQiOjMwMDAwMDAwMDAwMCwidXBkYXRlIjo1NDAwMDAwMDAwMDAwfX0="
        }
      ]
    },
    {
      "mode": "managed",
      "type": "azurerm_subnet",
      "name": "main",
      "provider": "provider[\"registry.terraform.io/hashicorp/azurerm\"]",
      "instances": [
        {
          "schema_version": 0,
          "attributes": {
            "address_prefixes": [
              "10.0.1.0/24"
            ],
            "default_outbound_access_enabled": true,
            "delegation": [],
            "id": "/subscriptions/213609f3-cd71-4b46-b652-2b8c1cbee26f/resourceGroups/rg-devsecops-laravel/providers/Microsoft.Network/virtualNetworks/vnet-devsecops/subnets/subnet-devsecops",
            "ip_address_pool": [],
            "name": "subnet-devsecops",
            "private_endpoint_network_policies": "Disabled",
            "private_link_service_network_policies_enabled": true,
            "resource_group_name": "rg-devsecops-laravel",
            "service_endpoint_policy_ids": [],
            "service_endpoints": [],
            "sharing_scope": "",
            "timeouts": null,
            "virtual_network_name": "vnet-devsecops"
          },
          "sensitive_attributes": [],
          "identity_schema_version": 0,
          "identity": {
            "name": "subnet-devsecops",
            "resource_group_name": "rg-devsecops-laravel",
            "subscription_id": "213609f3-cd71-4b46-b652-2b8c1cbee26f",
            "virtual_network_name": "vnet-devsecops"
          },
          "private": "eyJlMmJmYjczMC1lY2FhLTExZTYtOGY4OC0zNDM2M2JjN2M0YzAiOnsiY3JlYXRlIjoxODAwMDAwMDAwMDAwLCJkZWxldGUiOjE4MDAwMDAwMDAwMDAsInJlYWQiOjMwMDAwMDAwMDAwMCwidXBkYXRlIjoxODAwMDAwMDAwMDAwfX0=",
          "dependencies": [
            "azurerm_resource_group.main",
            "azurerm_virtual_network.main"
          ]
        }
      ]
    },
    {
      "mode": "managed",
      "type": "azurerm_virtual_network",
      "name": "main",
      "provider": "provider[\"registry.terraform.io/hashicorp/azurerm\"]",
      "instances": [
        {
          "schema_version": 0,
          "attributes": {
            "address_space": [
              "10.0.0.0/16"
            ],
            "bgp_community": "",
            "ddos_protection_plan": [],
            "dns_servers": [],
            "edge_zone": "",
            "encryption": [],
            "flow_timeout_in_minutes": 0,
            "guid": "f259df5a-1589-4b07-8c0c-b6b20d3b42d5",
            "id": "/subscriptions/213609f3-cd71-4b46-b652-2b8c1cbee26f/resourceGroups/rg-devsecops-laravel/providers/Microsoft.Network/virtualNetworks/vnet-devsecops",
            "ip_address_pool": [],
            "location": "swedencentral",
            "name": "vnet-devsecops",
            "private_endpoint_vnet_policies": "Disabled",
            "resource_group_name": "rg-devsecops-laravel",
            "subnet": [
              {
                "address_prefixes": [
                  "10.0.1.0/24"
                ],
                "default_outbound_access_enabled": true,
                "delegation": [],
                "id": "/subscriptions/213609f3-cd71-4b46-b652-2b8c1cbee26f/resourceGroups/rg-devsecops-laravel/providers/Microsoft.Network/virtualNetworks/vnet-devsecops/subnets/subnet-devsecops",
                "name": "subnet-devsecops",
                "private_endpoint_network_policies": "Disabled",
                "private_link_service_network_policies_enabled": true,
                "route_table_id": "",
                "security_group": "",
                "service_endpoint_policy_ids": [],
                "service_endpoints": []
              }
            ],
            "tags": {},
            "timeouts": null
          },
          "sensitive_attributes": [],
          "identity_schema_version": 0,
          "identity": {
            "name": "vnet-devsecops",
            "resource_group_name": "rg-devsecops-laravel",
            "subscription_id": "213609f3-cd71-4b46-b652-2b8c1cbee26f"
          },
          "private": "eyJlMmJmYjczMC1lY2FhLTExZTYtOGY4OC0zNDM2M2JjN2M0YzAiOnsiY3JlYXRlIjoxODAwMDAwMDAwMDAwLCJkZWxldGUiOjE4MDAwMDAwMDAwMDAsInJlYWQiOjMwMDAwMDAwMDAwMCwidXBkYXRlIjoxODAwMDAwMDAwMDAwfX0=",
          "dependencies": [
            "azurerm_resource_group.main"
          ]
        }
      ]
    }
  ],
  "check_results": null
}
